{
  "name": "tweeter",
  "version": "1.0.0",
  "lockfileVersion": 2,
  "requires": true,
  "packages": {
    "": {
      "name": "tweeter",
      "version": "1.0.0",
      "license": "ISC",
      "dependencies": {
        "eth-ens-namehash": "^2.0.8"
      },
      "devDependencies": {}
    },
    "node_modules/eth-ens-namehash": {
      "version": "2.0.8",
      "resolved": "https://registry.npmjs.org/eth-ens-namehash/-/eth-ens-namehash-2.0.8.tgz",
      "integrity": "sha512-VWEI1+KJfz4Km//dadyvBBoBeSQ0MHTXPvr8UIXiLW6IanxvAV+DmlZAijZwAyggqGUfwQBeHf7tc9wzc1piSw==",
      "dependencies": {
        "idna-uts46-hx": "^2.3.1",
        "js-sha3": "^0.5.7"
      }
    },
    "node_modules/idna-uts46-hx": {
      "version": "2.3.1",
      "resolved": "https://registry.npmjs.org/idna-uts46-hx/-/idna-uts46-hx-2.3.1.tgz",
      "integrity": "sha512-PWoF9Keq6laYdIRwwCdhTPl60xRqAloYNMQLiyUnG42VjT53oW07BXIRM+NK7eQjzXjAk2gUvX9caRxlnF9TAA==",
      "dependencies": {
        "punycode": "2.1.0"
      },
      "engines": {
        "node": ">=4.0.0"
      }
    },
    "node_modules/js-sha3": {
      "version": "0.5.7",
      "resolved": "https://registry.npmjs.org/js-sha3/-/js-sha3-0.5.7.tgz",
      "integrity": "sha512-GII20kjaPX0zJ8wzkTbNDYMY7msuZcTWk8S5UOh6806Jq/wz1J8/bnr8uGU0DAUmYDjj2Mr4X1cW8v/GLYnR+g=="
    },
    "node_modules/punycode": {
      "version": "2.1.0",
      "resolved": "https://registry.npmjs.org/punycode/-/punycode-2.1.0.tgz",
      "integrity": "sha512-Yxz2kRwT90aPiWEMHVYnEf4+rhwF1tBmmZ4KepCP+Wkium9JxtWnUm1nqGwpiAHr/tnTSeHqr3wb++jgSkXjhA==",
      "engines": {
        "node": ">=6"
      }
    }
  },
  "dependencies": {
    "eth-ens-namehash": {
      "version": "2.0.8",
      "resolved": "https://registry.npmjs.org/eth-ens-namehash/-/eth-ens-namehash-2.0.8.tgz",
      "integrity": "sha512-VWEI1+KJfz4Km//dadyvBBoBeSQ0MHTXPvr8UIXiLW6IanxvAV+DmlZAijZwAyggqGUfwQBeHf7tc9wzc1piSw==",
      "requires": {
        "idna-uts46-hx": "^2.3.1",
        "js-sha3": "^0.5.7"
      }
    },
    "idna-uts46-hx": {
      "version": "2.3.1",
      "resolved": "https://registry.npmjs.org/idna-uts46-hx/-/idna-uts46-hx-2.3.1.tgz",
      "integrity": "sha512-PWoF9Keq6laYdIRwwCdhTPl60xRqAloYNMQLiyUnG42VjT53oW07BXIRM+NK7eQjzXjAk2gUvX9caRxlnF9TAA==",
      "requires": {
        "punycode": "2.1.0"
      }
    },
    "js-sha3": {
      "version": "0.5.7",
      "resolved": "https://registry.npmjs.org/js-sha3/-/js-sha3-0.5.7.tgz",
      "integrity": "sha512-GII20kjaPX0zJ8wzkTbNDYMY7msuZcTWk8S5UOh6806Jq/wz1J8/bnr8uGU0DAUmYDjj2Mr4X1cW8v/GLYnR+g=="
    },
    "punycode": {
      "version": "2.1.0",
      "resolved": "https://registry.npmjs.org/punycode/-/punycode-2.1.0.tgz",
      "integrity": "sha512-Yxz2kRwT90aPiWEMHVYnEf4+rhwF1tBmmZ4KepCP+Wkium9JxtWnUm1nqGwpiAHr/tnTSeHqr3wb++jgSkXjhA=="
    }
  }
}
